
Microsoft Visual Studio Solution File, Format Version 12.00
# Visual Studio Version 16
VisualStudioVersion = 16.0.31105.61
MinimumVisualStudioVersion = 10.0.40219.1
Project("{FAE04EC0-301F-11D3-BF4B-00C04F79EFBC}") = "ethminer-gui", "ethminer-gui.csproj", "{AFC4DB82-77CD-463E-8CC0-5E17B0E083FE}"
EndProject
Global
	GlobalSection(SolutionConfigurationPlatforms) = preSolution
		Debug|Any CPU = Debug|Any CPU
		Release|Any CPU = Release|Any CPU
		Release-without-wt|Any CPU = Release-without-wt|Any CPU
	EndGlobalSection
	GlobalSection(ProjectConfigurationPlatforms) = postSolution
		{AFC4DB82-77CD-463E-8CC0-5E17B0E083FE}.Debug|Any CPU.ActiveCfg = Debug|Any CPU
		{AFC4DB82-77CD-463E-8CC0-5E17B0E083FE}.Debug|Any CPU.Build.0 = Debug|Any CPU
		{AFC4DB82-77CD-463E-8CC0-5E17B0E083FE}.Release|Any CPU.ActiveCfg = Release|Any CPU
		{AFC4DB82-77CD-463E-8CC0-5E17B0E083FE}.Release|Any CPU.Build.0 = Release|Any CPU
		{AFC4DB82-77CD-463E-8CC0-5E17B0E083FE}.Release-without-wt|Any CPU.ActiveCfg = Release-without-wt|Any CPU
		{AFC4DB82-77CD-463E-8CC0-5E17B0E083FE}.Release-without-wt|Any CPU.Build.0 = Release-without-wt|Any CPU
	EndGlobalSection
	GlobalSection(SolutionProperties) = preSolution
		HideSolutionNode = FALSE
	EndGlobalSection
	GlobalSection(ExtensibilityGlobals) = postSolution
		SolutionGuid = {F22C109D-B666-416D-8432-6BFEAFABFEC6}
	EndGlobalSection
EndGlobal
